
Microsoft Visual Studio Solution File, Format Version 12.00
# Visual Studio Version 17
VisualStudioVersion = 17.14.36119.2
MinimumVisualStudioVersion = 10.0.40219.1
Project("{FAE04EC0-301F-11D3-BF4B-00C04F79EFBC}") = "Dom.Mediator.Test", "Dom.Mediator.Test\Dom.Mediator.Test.csproj", "{5AF98F43-0EB5-4830-8D76-863E6722E37B}"
EndProject
Project("{FAE04EC0-301F-11D3-BF4B-00C04F79EFBC}") = "Dom.Mediator", "Dom.Mediator\Dom.Mediator.csproj", "{918B0665-FFE5-6766-F63C-F09C642D1009}"
EndProject
Global
	GlobalSection(SolutionConfigurationPlatforms) = preSolution
		Debug|Any CPU = Debug|Any CPU
		Release|Any CPU = Release|Any CPU
	EndGlobalSection
	GlobalSection(ProjectConfigurationPlatforms) = postSolution
		{5AF98F43-0EB5-4830-8D76-863E6722E37B}.Debug|Any CPU.ActiveCfg = Debug|Any CPU
		{5AF98F43-0EB5-4830-8D76-863E6722E37B}.Debug|Any CPU.Build.0 = Debug|Any CPU
		{5AF98F43-0EB5-4830-8D76-863E6722E37B}.Release|Any CPU.ActiveCfg = Release|Any CPU
		{5AF98F43-0EB5-4830-8D76-863E6722E37B}.Release|Any CPU.Build.0 = Release|Any CPU
		{918B0665-FFE5-6766-F63C-F09C642D1009}.Debug|Any CPU.ActiveCfg = Debug|Any CPU
		{918B0665-FFE5-6766-F63C-F09C642D1009}.Debug|Any CPU.Build.0 = Debug|Any CPU
		{918B0665-FFE5-6766-F63C-F09C642D1009}.Release|Any CPU.ActiveCfg = Release|Any CPU
		{918B0665-FFE5-6766-F63C-F09C642D1009}.Release|Any CPU.Build.0 = Release|Any CPU
	EndGlobalSection
	GlobalSection(SolutionProperties) = preSolution
		HideSolutionNode = FALSE
	EndGlobalSection
	GlobalSection(ExtensibilityGlobals) = postSolution
		SolutionGuid = {91ABF3CC-E654-46EA-9E4D-EBE3F1D8898D}
	EndGlobalSection
EndGlobal
